
Microsoft Visual Studio Solution File, Format Version 12.00
# Visual Studio Version 17
VisualStudioVersion = 17.9.34616.47
MinimumVisualStudioVersion = 10.0.40219.1
Project("{9A19103F-16F7-4668-BE54-9A1E7A4F7556}") = "MyWebApplication2", "MyWebApplication2\MyWebApplication2.csproj", "{40F2872A-7466-4002-95C1-A2FC7F827A82}"
EndProject
Global
	GlobalSection(SolutionConfigurationPlatforms) = preSolution
		Debug|Any CPU = Debug|Any CPU
		Release|Any CPU = Release|Any CPU
	EndGlobalSection
	GlobalSection(ProjectConfigurationPlatforms) = postSolution
		{40F2872A-7466-4002-95C1-A2FC7F827A82}.Debug|Any CPU.ActiveCfg = Debug|Any CPU
		{40F2872A-7466-4002-95C1-A2FC7F827A82}.Debug|Any CPU.Build.0 = Debug|Any CPU
		{40F2872A-7466-4002-95C1-A2FC7F827A82}.Release|Any CPU.ActiveCfg = Release|Any CPU
		{40F2872A-7466-4002-95C1-A2FC7F827A82}.Release|Any CPU.Build.0 = Release|Any CPU
	EndGlobalSection
	GlobalSection(SolutionProperties) = preSolution
		HideSolutionNode = FALSE
	EndGlobalSection
	GlobalSection(ExtensibilityGlobals) = postSolution
		SolutionGuid = {AD79A842-1BA3-4C8F-B9D6-5C61DEAD9A4C}
	EndGlobalSection
EndGlobal
